
Microsoft Visual Studio Solution File, Format Version 12.00
# Visual Studio Version 16
VisualStudioVersion = 16.0.30114.105
MinimumVisualStudioVersion = 10.0.40219.1
Project("{F2A71F9B-5D33-465A-A702-920D77279786}") = "FunnyScript", "FunnyScript\FunnyScript.fsproj", "{B179ED61-BA81-412F-94A6-789A8D08E0BC}"
EndProject
Project("{F2A71F9B-5D33-465A-A702-920D77279786}") = "FunnyScript.Console", "FunnyScript.Console\FunnyScript.Console.fsproj", "{5C3B1114-FA0C-4AF7-B63D-5A637CA6BC92}"
EndProject
Project("{F2A71F9B-5D33-465A-A702-920D77279786}") = "FunnyScript.Test", "FunnyScript.Test\FunnyScript.Test.fsproj", "{76372782-FBD6-4C00-98CA-BCB7A5A345FF}"
EndProject
Global
	GlobalSection(SolutionConfigurationPlatforms) = preSolution
		Debug|Any CPU = Debug|Any CPU
		Release|Any CPU = Release|Any CPU
	EndGlobalSection
	GlobalSection(SolutionProperties) = preSolution
		HideSolutionNode = FALSE
	EndGlobalSection
	GlobalSection(ProjectConfigurationPlatforms) = postSolution
		{B179ED61-BA81-412F-94A6-789A8D08E0BC}.Debug|Any CPU.ActiveCfg = Debug|Any CPU
		{B179ED61-BA81-412F-94A6-789A8D08E0BC}.Debug|Any CPU.Build.0 = Debug|Any CPU
		{B179ED61-BA81-412F-94A6-789A8D08E0BC}.Release|Any CPU.ActiveCfg = Release|Any CPU
		{B179ED61-BA81-412F-94A6-789A8D08E0BC}.Release|Any CPU.Build.0 = Release|Any CPU
		{5C3B1114-FA0C-4AF7-B63D-5A637CA6BC92}.Debug|Any CPU.ActiveCfg = Debug|Any CPU
		{5C3B1114-FA0C-4AF7-B63D-5A637CA6BC92}.Debug|Any CPU.Build.0 = Debug|Any CPU
		{5C3B1114-FA0C-4AF7-B63D-5A637CA6BC92}.Release|Any CPU.ActiveCfg = Release|Any CPU
		{5C3B1114-FA0C-4AF7-B63D-5A637CA6BC92}.Release|Any CPU.Build.0 = Release|Any CPU
		{76372782-FBD6-4C00-98CA-BCB7A5A345FF}.Debug|Any CPU.ActiveCfg = Debug|Any CPU
		{76372782-FBD6-4C00-98CA-BCB7A5A345FF}.Debug|Any CPU.Build.0 = Debug|Any CPU
		{76372782-FBD6-4C00-98CA-BCB7A5A345FF}.Release|Any CPU.ActiveCfg = Release|Any CPU
		{76372782-FBD6-4C00-98CA-BCB7A5A345FF}.Release|Any CPU.Build.0 = Release|Any CPU
	EndGlobalSection
EndGlobal
